<Solution>
  <Project Path="../../../Downloads/epita-s1-1-mvc-20260303-view-models/Library.Domain/Library.Domain.csproj" />
  <Project Path="../../../Downloads/epita-s1-1-mvc-20260303-view-models/Library.MVC/Library.MVC.csproj" />
  <Project Path="../../../Downloads/epita-s1-1-mvc-20260303-view-models/Library.Tests/Library.Tests.csproj" />
</Solution>
